
Microsoft Visual Studio Solution File, Format Version 12.00
# Visual Studio Version 17
VisualStudioVersion = 17.10.35013.160
MinimumVisualStudioVersion = 10.0.40219.1
Project("{FAE04EC0-301F-11D3-BF4B-00C04F79EFBC}") = "telefon_Console_WPF", "telefon_Console_WPF\telefon_Console_WPF.csproj", "{4882D241-8C0E-4805-86C7-C55E1CD03CDD}"
EndProject
Project("{FAE04EC0-301F-11D3-BF4B-00C04F79EFBC}") = "telefonszam_WPF", "telefonszam_WPF\telefonszam_WPF.csproj", "{4352694F-60E6-48AA-A9E9-52E9B536EA81}"
EndProject
Project("{FAE04EC0-301F-11D3-BF4B-00C04F79EFBC}") = "telefonszam_wpf_betu", "telefonszam_wpf_betu\telefonszam_wpf_betu.csproj", "{9AA39357-6B02-446C-AF4A-44F83B1109E0}"
EndProject
Global
	GlobalSection(SolutionConfigurationPlatforms) = preSolution
		Debug|Any CPU = Debug|Any CPU
		Release|Any CPU = Release|Any CPU
	EndGlobalSection
	GlobalSection(ProjectConfigurationPlatforms) = postSolution
		{4882D241-8C0E-4805-86C7-C55E1CD03CDD}.Debug|Any CPU.ActiveCfg = Debug|Any CPU
		{4882D241-8C0E-4805-86C7-C55E1CD03CDD}.Debug|Any CPU.Build.0 = Debug|Any CPU
		{4882D241-8C0E-4805-86C7-C55E1CD03CDD}.Release|Any CPU.ActiveCfg = Release|Any CPU
		{4882D241-8C0E-4805-86C7-C55E1CD03CDD}.Release|Any CPU.Build.0 = Release|Any CPU
		{4352694F-60E6-48AA-A9E9-52E9B536EA81}.Debug|Any CPU.ActiveCfg = Debug|Any CPU
		{4352694F-60E6-48AA-A9E9-52E9B536EA81}.Debug|Any CPU.Build.0 = Debug|Any CPU
		{4352694F-60E6-48AA-A9E9-52E9B536EA81}.Release|Any CPU.ActiveCfg = Release|Any CPU
		{4352694F-60E6-48AA-A9E9-52E9B536EA81}.Release|Any CPU.Build.0 = Release|Any CPU
		{9AA39357-6B02-446C-AF4A-44F83B1109E0}.Debug|Any CPU.ActiveCfg = Debug|Any CPU
		{9AA39357-6B02-446C-AF4A-44F83B1109E0}.Debug|Any CPU.Build.0 = Debug|Any CPU
		{9AA39357-6B02-446C-AF4A-44F83B1109E0}.Release|Any CPU.ActiveCfg = Release|Any CPU
		{9AA39357-6B02-446C-AF4A-44F83B1109E0}.Release|Any CPU.Build.0 = Release|Any CPU
	EndGlobalSection
	GlobalSection(SolutionProperties) = preSolution
		HideSolutionNode = FALSE
	EndGlobalSection
	GlobalSection(ExtensibilityGlobals) = postSolution
		SolutionGuid = {83D1886B-6178-4C62-A27B-6D01E0873322}
	EndGlobalSection
EndGlobal
