
Microsoft Visual Studio Solution File, Format Version 12.00
# Visual Studio Version 17
VisualStudioVersion = 17.10.35013.160
MinimumVisualStudioVersion = 10.0.40219.1
Project("{FAE04EC0-301F-11D3-BF4B-00C04F79EFBC}") = "WpfApp_Parkolohaz", "WpfApp_Parkolohaz\WpfApp_Parkolohaz.csproj", "{427A0E70-0BFF-4EB6-B8C1-B22407F382D7}"
EndProject
Global
	GlobalSection(SolutionConfigurationPlatforms) = preSolution
		Debug|Any CPU = Debug|Any CPU
		Release|Any CPU = Release|Any CPU
	EndGlobalSection
	GlobalSection(ProjectConfigurationPlatforms) = postSolution
		{427A0E70-0BFF-4EB6-B8C1-B22407F382D7}.Debug|Any CPU.ActiveCfg = Debug|Any CPU
		{427A0E70-0BFF-4EB6-B8C1-B22407F382D7}.Debug|Any CPU.Build.0 = Debug|Any CPU
		{427A0E70-0BFF-4EB6-B8C1-B22407F382D7}.Release|Any CPU.ActiveCfg = Release|Any CPU
		{427A0E70-0BFF-4EB6-B8C1-B22407F382D7}.Release|Any CPU.Build.0 = Release|Any CPU
	EndGlobalSection
	GlobalSection(SolutionProperties) = preSolution
		HideSolutionNode = FALSE
	EndGlobalSection
	GlobalSection(ExtensibilityGlobals) = postSolution
		SolutionGuid = {E6DC76D4-F1A7-4AB8-9C35-A30DF3D98D0C}
	EndGlobalSection
EndGlobal
