
Microsoft Visual Studio Solution File, Format Version 12.00
# Visual Studio Version 17
VisualStudioVersion = 17.10.35013.160
MinimumVisualStudioVersion = 10.0.40219.1
Project("{FAE04EC0-301F-11D3-BF4B-00C04F79EFBC}") = "novenyek", "novenyek\novenyek.csproj", "{79CA66B9-78A0-46A5-BC2B-8D11776C3D04}"
EndProject
Project("{FAE04EC0-301F-11D3-BF4B-00C04F79EFBC}") = "wpf_novenyek", "wpf_novenyek\wpf_novenyek.csproj", "{4B09D921-AA61-4835-994B-98F227034AB5}"
EndProject
Global
	GlobalSection(SolutionConfigurationPlatforms) = preSolution
		Debug|Any CPU = Debug|Any CPU
		Release|Any CPU = Release|Any CPU
	EndGlobalSection
	GlobalSection(ProjectConfigurationPlatforms) = postSolution
		{79CA66B9-78A0-46A5-BC2B-8D11776C3D04}.Debug|Any CPU.ActiveCfg = Debug|Any CPU
		{79CA66B9-78A0-46A5-BC2B-8D11776C3D04}.Debug|Any CPU.Build.0 = Debug|Any CPU
		{79CA66B9-78A0-46A5-BC2B-8D11776C3D04}.Release|Any CPU.ActiveCfg = Release|Any CPU
		{79CA66B9-78A0-46A5-BC2B-8D11776C3D04}.Release|Any CPU.Build.0 = Release|Any CPU
		{4B09D921-AA61-4835-994B-98F227034AB5}.Debug|Any CPU.ActiveCfg = Debug|Any CPU
		{4B09D921-AA61-4835-994B-98F227034AB5}.Debug|Any CPU.Build.0 = Debug|Any CPU
		{4B09D921-AA61-4835-994B-98F227034AB5}.Release|Any CPU.ActiveCfg = Release|Any CPU
		{4B09D921-AA61-4835-994B-98F227034AB5}.Release|Any CPU.Build.0 = Release|Any CPU
	EndGlobalSection
	GlobalSection(SolutionProperties) = preSolution
		HideSolutionNode = FALSE
	EndGlobalSection
	GlobalSection(ExtensibilityGlobals) = postSolution
		SolutionGuid = {CBB395A0-C266-4BE2-84D2-F62CBF27C1F5}
	EndGlobalSection
EndGlobal
