
Microsoft Visual Studio Solution File, Format Version 12.00
# Visual Studio Version 17
VisualStudioVersion = 17.9.34723.18
MinimumVisualStudioVersion = 10.0.40219.1
Project("{FAE04EC0-301F-11D3-BF4B-00C04F79EFBC}") = "WpfApp_Csincsilla", "WpfApp_Csincsilla\WpfApp_Csincsilla.csproj", "{117A103E-0BD7-45C1-88F0-F841D82DD712}"
EndProject
Global
	GlobalSection(SolutionConfigurationPlatforms) = preSolution
		Debug|Any CPU = Debug|Any CPU
		Release|Any CPU = Release|Any CPU
	EndGlobalSection
	GlobalSection(ProjectConfigurationPlatforms) = postSolution
		{117A103E-0BD7-45C1-88F0-F841D82DD712}.Debug|Any CPU.ActiveCfg = Debug|Any CPU
		{117A103E-0BD7-45C1-88F0-F841D82DD712}.Debug|Any CPU.Build.0 = Debug|Any CPU
		{117A103E-0BD7-45C1-88F0-F841D82DD712}.Release|Any CPU.ActiveCfg = Release|Any CPU
		{117A103E-0BD7-45C1-88F0-F841D82DD712}.Release|Any CPU.Build.0 = Release|Any CPU
	EndGlobalSection
	GlobalSection(SolutionProperties) = preSolution
		HideSolutionNode = FALSE
	EndGlobalSection
	GlobalSection(ExtensibilityGlobals) = postSolution
		SolutionGuid = {CECE765A-08DB-4655-B46A-ED8CF6A80FA6}
	EndGlobalSection
EndGlobal
