
Microsoft Visual Studio Solution File, Format Version 12.00
# Visual Studio Version 17
VisualStudioVersion = 17.10.35013.160
MinimumVisualStudioVersion = 10.0.40219.1
Project("{FAE04EC0-301F-11D3-BF4B-00C04F79EFBC}") = "Calculator", "Calculator\Calculator.csproj", "{278B2B0D-007C-4651-91B5-949B7B7894DB}"
EndProject
Project("{FAE04EC0-301F-11D3-BF4B-00C04F79EFBC}") = "CalculatorTest", "CalculatorTest\CalculatorTest.csproj", "{CBDA8DE7-0477-429C-9A5C-2E68DEA8FECA}"
EndProject
Global
	GlobalSection(SolutionConfigurationPlatforms) = preSolution
		Debug|Any CPU = Debug|Any CPU
		Release|Any CPU = Release|Any CPU
	EndGlobalSection
	GlobalSection(ProjectConfigurationPlatforms) = postSolution
		{278B2B0D-007C-4651-91B5-949B7B7894DB}.Debug|Any CPU.ActiveCfg = Debug|Any CPU
		{278B2B0D-007C-4651-91B5-949B7B7894DB}.Debug|Any CPU.Build.0 = Debug|Any CPU
		{278B2B0D-007C-4651-91B5-949B7B7894DB}.Release|Any CPU.ActiveCfg = Release|Any CPU
		{278B2B0D-007C-4651-91B5-949B7B7894DB}.Release|Any CPU.Build.0 = Release|Any CPU
		{CBDA8DE7-0477-429C-9A5C-2E68DEA8FECA}.Debug|Any CPU.ActiveCfg = Debug|Any CPU
		{CBDA8DE7-0477-429C-9A5C-2E68DEA8FECA}.Debug|Any CPU.Build.0 = Debug|Any CPU
		{CBDA8DE7-0477-429C-9A5C-2E68DEA8FECA}.Release|Any CPU.ActiveCfg = Release|Any CPU
		{CBDA8DE7-0477-429C-9A5C-2E68DEA8FECA}.Release|Any CPU.Build.0 = Release|Any CPU
	EndGlobalSection
	GlobalSection(SolutionProperties) = preSolution
		HideSolutionNode = FALSE
	EndGlobalSection
	GlobalSection(ExtensibilityGlobals) = postSolution
		SolutionGuid = {F09E8324-8230-4B34-AAA6-47C79B00512D}
	EndGlobalSection
EndGlobal
