
Microsoft Visual Studio Solution File, Format Version 12.00
# Visual Studio Version 17
VisualStudioVersion = 17.10.35013.160
MinimumVisualStudioVersion = 10.0.40219.1
Project("{FAE04EC0-301F-11D3-BF4B-00C04F79EFBC}") = "furdostat", "furdostat\furdostat.csproj", "{9A94608F-1CC5-44C2-BC68-DF802292795E}"
EndProject
Global
	GlobalSection(SolutionConfigurationPlatforms) = preSolution
		Debug|Any CPU = Debug|Any CPU
		Release|Any CPU = Release|Any CPU
	EndGlobalSection
	GlobalSection(ProjectConfigurationPlatforms) = postSolution
		{9A94608F-1CC5-44C2-BC68-DF802292795E}.Debug|Any CPU.ActiveCfg = Debug|Any CPU
		{9A94608F-1CC5-44C2-BC68-DF802292795E}.Debug|Any CPU.Build.0 = Debug|Any CPU
		{9A94608F-1CC5-44C2-BC68-DF802292795E}.Release|Any CPU.ActiveCfg = Release|Any CPU
		{9A94608F-1CC5-44C2-BC68-DF802292795E}.Release|Any CPU.Build.0 = Release|Any CPU
	EndGlobalSection
	GlobalSection(SolutionProperties) = preSolution
		HideSolutionNode = FALSE
	EndGlobalSection
	GlobalSection(ExtensibilityGlobals) = postSolution
		SolutionGuid = {982D1693-3C12-4618-ADAF-6F9E7C1470EA}
	EndGlobalSection
EndGlobal
