
Microsoft Visual Studio Solution File, Format Version 12.00
# Visual Studio Version 17
VisualStudioVersion = 17.10.35013.160
MinimumVisualStudioVersion = 10.0.40219.1
Project("{FAE04EC0-301F-11D3-BF4B-00C04F79EFBC}") = "03_24_Oldtimer", "03_24_Oldtimer\03_24_Oldtimer.csproj", "{0F1B9F1C-B140-4B7C-9B24-066C18EAC3C2}"
EndProject
Project("{FAE04EC0-301F-11D3-BF4B-00C04F79EFBC}") = "WPF", "WPF\WPF.csproj", "{284E034C-A5A4-48FF-B791-CF5E9666C8AA}"
EndProject
Global
	GlobalSection(SolutionConfigurationPlatforms) = preSolution
		Debug|Any CPU = Debug|Any CPU
		Release|Any CPU = Release|Any CPU
	EndGlobalSection
	GlobalSection(ProjectConfigurationPlatforms) = postSolution
		{0F1B9F1C-B140-4B7C-9B24-066C18EAC3C2}.Debug|Any CPU.ActiveCfg = Debug|Any CPU
		{0F1B9F1C-B140-4B7C-9B24-066C18EAC3C2}.Debug|Any CPU.Build.0 = Debug|Any CPU
		{0F1B9F1C-B140-4B7C-9B24-066C18EAC3C2}.Release|Any CPU.ActiveCfg = Release|Any CPU
		{0F1B9F1C-B140-4B7C-9B24-066C18EAC3C2}.Release|Any CPU.Build.0 = Release|Any CPU
		{284E034C-A5A4-48FF-B791-CF5E9666C8AA}.Debug|Any CPU.ActiveCfg = Debug|Any CPU
		{284E034C-A5A4-48FF-B791-CF5E9666C8AA}.Debug|Any CPU.Build.0 = Debug|Any CPU
		{284E034C-A5A4-48FF-B791-CF5E9666C8AA}.Release|Any CPU.ActiveCfg = Release|Any CPU
		{284E034C-A5A4-48FF-B791-CF5E9666C8AA}.Release|Any CPU.Build.0 = Release|Any CPU
	EndGlobalSection
	GlobalSection(SolutionProperties) = preSolution
		HideSolutionNode = FALSE
	EndGlobalSection
	GlobalSection(ExtensibilityGlobals) = postSolution
		SolutionGuid = {C2544AD4-B1BF-4574-B22D-81039B80CB0F}
	EndGlobalSection
EndGlobal
