
Microsoft Visual Studio Solution File, Format Version 12.00
# Visual Studio Version 17
VisualStudioVersion = 17.10.35013.160
MinimumVisualStudioVersion = 10.0.40219.1
Project("{FAE04EC0-301F-11D3-BF4B-00C04F79EFBC}") = "Diafilmek", "Diafilmek\Diafilmek.csproj", "{776D9EF1-CD0C-4663-A5D3-D5523538537A}"
EndProject
Global
	GlobalSection(SolutionConfigurationPlatforms) = preSolution
		Debug|Any CPU = Debug|Any CPU
		Release|Any CPU = Release|Any CPU
	EndGlobalSection
	GlobalSection(ProjectConfigurationPlatforms) = postSolution
		{776D9EF1-CD0C-4663-A5D3-D5523538537A}.Debug|Any CPU.ActiveCfg = Debug|Any CPU
		{776D9EF1-CD0C-4663-A5D3-D5523538537A}.Debug|Any CPU.Build.0 = Debug|Any CPU
		{776D9EF1-CD0C-4663-A5D3-D5523538537A}.Release|Any CPU.ActiveCfg = Release|Any CPU
		{776D9EF1-CD0C-4663-A5D3-D5523538537A}.Release|Any CPU.Build.0 = Release|Any CPU
	EndGlobalSection
	GlobalSection(SolutionProperties) = preSolution
		HideSolutionNode = FALSE
	EndGlobalSection
	GlobalSection(ExtensibilityGlobals) = postSolution
		SolutionGuid = {8F32B702-83F5-4101-AFC3-10F68E33D100}
	EndGlobalSection
EndGlobal
