
Microsoft Visual Studio Solution File, Format Version 12.00
# Visual Studio Version 17
VisualStudioVersion = 17.11.35222.181
MinimumVisualStudioVersion = 10.0.40219.1
Project("{FAE04EC0-301F-11D3-BF4B-00C04F79EFBC}") = "RealEstateab", "RealEstateab\RealEstateab.csproj", "{1C6E9132-4AD6-4E4D-973A-95499F277D87}"
EndProject
Project("{FAE04EC0-301F-11D3-BF4B-00C04F79EFBC}") = "RealEstateabWPF", "RealEstateabWPF\RealEstateabWPF.csproj", "{BEAD0FEE-3D74-47D7-B1AD-C9B45FE5A9AB}"
EndProject
Global
	GlobalSection(SolutionConfigurationPlatforms) = preSolution
		Debug|Any CPU = Debug|Any CPU
		Release|Any CPU = Release|Any CPU
	EndGlobalSection
	GlobalSection(ProjectConfigurationPlatforms) = postSolution
		{1C6E9132-4AD6-4E4D-973A-95499F277D87}.Debug|Any CPU.ActiveCfg = Debug|Any CPU
		{1C6E9132-4AD6-4E4D-973A-95499F277D87}.Debug|Any CPU.Build.0 = Debug|Any CPU
		{1C6E9132-4AD6-4E4D-973A-95499F277D87}.Release|Any CPU.ActiveCfg = Release|Any CPU
		{1C6E9132-4AD6-4E4D-973A-95499F277D87}.Release|Any CPU.Build.0 = Release|Any CPU
		{BEAD0FEE-3D74-47D7-B1AD-C9B45FE5A9AB}.Debug|Any CPU.ActiveCfg = Debug|Any CPU
		{BEAD0FEE-3D74-47D7-B1AD-C9B45FE5A9AB}.Debug|Any CPU.Build.0 = Debug|Any CPU
		{BEAD0FEE-3D74-47D7-B1AD-C9B45FE5A9AB}.Release|Any CPU.ActiveCfg = Release|Any CPU
		{BEAD0FEE-3D74-47D7-B1AD-C9B45FE5A9AB}.Release|Any CPU.Build.0 = Release|Any CPU
	EndGlobalSection
	GlobalSection(SolutionProperties) = preSolution
		HideSolutionNode = FALSE
	EndGlobalSection
	GlobalSection(ExtensibilityGlobals) = postSolution
		SolutionGuid = {B96820B2-F73D-472B-95AD-A19F28A29EE3}
	EndGlobalSection
EndGlobal
