
Microsoft Visual Studio Solution File, Format Version 12.00
# Visual Studio Version 17
VisualStudioVersion = 17.10.35013.160
MinimumVisualStudioVersion = 10.0.40219.1
Project("{FAE04EC0-301F-11D3-BF4B-00C04F79EFBC}") = "ConsoleApp_VarmegyeSzekhelyJatek", "ConsoleApp_VarmegyeSzekhelyJatek\ConsoleApp_VarmegyeSzekhelyJatek.csproj", "{A7EAEE6C-758F-44D8-A782-D29357F42AB2}"
EndProject
Global
	GlobalSection(SolutionConfigurationPlatforms) = preSolution
		Debug|Any CPU = Debug|Any CPU
		Release|Any CPU = Release|Any CPU
	EndGlobalSection
	GlobalSection(ProjectConfigurationPlatforms) = postSolution
		{A7EAEE6C-758F-44D8-A782-D29357F42AB2}.Debug|Any CPU.ActiveCfg = Debug|Any CPU
		{A7EAEE6C-758F-44D8-A782-D29357F42AB2}.Debug|Any CPU.Build.0 = Debug|Any CPU
		{A7EAEE6C-758F-44D8-A782-D29357F42AB2}.Release|Any CPU.ActiveCfg = Release|Any CPU
		{A7EAEE6C-758F-44D8-A782-D29357F42AB2}.Release|Any CPU.Build.0 = Release|Any CPU
	EndGlobalSection
	GlobalSection(SolutionProperties) = preSolution
		HideSolutionNode = FALSE
	EndGlobalSection
	GlobalSection(ExtensibilityGlobals) = postSolution
		SolutionGuid = {39F9BB28-5A4C-447B-A1D8-6409E1051090}
	EndGlobalSection
EndGlobal
