
Microsoft Visual Studio Solution File, Format Version 12.00
# Visual Studio Version 17
VisualStudioVersion = 17.10.35013.160
MinimumVisualStudioVersion = 10.0.40219.1
Project("{FAE04EC0-301F-11D3-BF4B-00C04F79EFBC}") = "oktato_program", "oktato_program\oktato_program.csproj", "{A2992170-CFDE-4495-9BA6-A203628628AB}"
EndProject
Global
	GlobalSection(SolutionConfigurationPlatforms) = preSolution
		Debug|Any CPU = Debug|Any CPU
		Release|Any CPU = Release|Any CPU
	EndGlobalSection
	GlobalSection(ProjectConfigurationPlatforms) = postSolution
		{A2992170-CFDE-4495-9BA6-A203628628AB}.Debug|Any CPU.ActiveCfg = Debug|Any CPU
		{A2992170-CFDE-4495-9BA6-A203628628AB}.Debug|Any CPU.Build.0 = Debug|Any CPU
		{A2992170-CFDE-4495-9BA6-A203628628AB}.Release|Any CPU.ActiveCfg = Release|Any CPU
		{A2992170-CFDE-4495-9BA6-A203628628AB}.Release|Any CPU.Build.0 = Release|Any CPU
	EndGlobalSection
	GlobalSection(SolutionProperties) = preSolution
		HideSolutionNode = FALSE
	EndGlobalSection
	GlobalSection(ExtensibilityGlobals) = postSolution
		SolutionGuid = {51AA7B17-B268-498F-97AD-4DBFF3E9EDA3}
	EndGlobalSection
EndGlobal
