
Microsoft Visual Studio Solution File, Format Version 12.00
# Visual Studio Version 17
VisualStudioVersion = 17.10.35013.160
MinimumVisualStudioVersion = 10.0.40219.1
Project("{FAE04EC0-301F-11D3-BF4B-00C04F79EFBC}") = "frontend", "frontend\frontend.csproj", "{29E7B473-F8A7-4AD8-AF72-203F91B3A7C6}"
EndProject
Global
	GlobalSection(SolutionConfigurationPlatforms) = preSolution
		Debug|Any CPU = Debug|Any CPU
		Release|Any CPU = Release|Any CPU
	EndGlobalSection
	GlobalSection(ProjectConfigurationPlatforms) = postSolution
		{29E7B473-F8A7-4AD8-AF72-203F91B3A7C6}.Debug|Any CPU.ActiveCfg = Debug|Any CPU
		{29E7B473-F8A7-4AD8-AF72-203F91B3A7C6}.Debug|Any CPU.Build.0 = Debug|Any CPU
		{29E7B473-F8A7-4AD8-AF72-203F91B3A7C6}.Release|Any CPU.ActiveCfg = Release|Any CPU
		{29E7B473-F8A7-4AD8-AF72-203F91B3A7C6}.Release|Any CPU.Build.0 = Release|Any CPU
	EndGlobalSection
	GlobalSection(SolutionProperties) = preSolution
		HideSolutionNode = FALSE
	EndGlobalSection
	GlobalSection(ExtensibilityGlobals) = postSolution
		SolutionGuid = {8082D8DF-2695-4257-AA01-C2EB5DF07854}
	EndGlobalSection
EndGlobal
