
Microsoft Visual Studio Solution File, Format Version 12.00
# Visual Studio Version 17
VisualStudioVersion = 17.10.35013.160
MinimumVisualStudioVersion = 10.0.40219.1
Project("{FAE04EC0-301F-11D3-BF4B-00C04F79EFBC}") = "primszamok", "primszamok\primszamok.csproj", "{BAD12F81-1BE0-4A61-8AFE-609A922F27EE}"
EndProject
Global
	GlobalSection(SolutionConfigurationPlatforms) = preSolution
		Debug|Any CPU = Debug|Any CPU
		Release|Any CPU = Release|Any CPU
	EndGlobalSection
	GlobalSection(ProjectConfigurationPlatforms) = postSolution
		{BAD12F81-1BE0-4A61-8AFE-609A922F27EE}.Debug|Any CPU.ActiveCfg = Debug|Any CPU
		{BAD12F81-1BE0-4A61-8AFE-609A922F27EE}.Debug|Any CPU.Build.0 = Debug|Any CPU
		{BAD12F81-1BE0-4A61-8AFE-609A922F27EE}.Release|Any CPU.ActiveCfg = Release|Any CPU
		{BAD12F81-1BE0-4A61-8AFE-609A922F27EE}.Release|Any CPU.Build.0 = Release|Any CPU
	EndGlobalSection
	GlobalSection(SolutionProperties) = preSolution
		HideSolutionNode = FALSE
	EndGlobalSection
	GlobalSection(ExtensibilityGlobals) = postSolution
		SolutionGuid = {3D52F4A4-082A-4261-B57F-D9B28BC976EC}
	EndGlobalSection
EndGlobal
