
Microsoft Visual Studio Solution File, Format Version 12.00
# Visual Studio Version 17
VisualStudioVersion = 17.10.35013.160
MinimumVisualStudioVersion = 10.0.40219.1
Project("{FAE04EC0-301F-11D3-BF4B-00C04F79EFBC}") = "12_06_Katicabufe", "12_06_Katicabufe\12_06_Katicabufe.csproj", "{A9457148-9951-4A44-AC58-13ADC1D88431}"
EndProject
Global
	GlobalSection(SolutionConfigurationPlatforms) = preSolution
		Debug|Any CPU = Debug|Any CPU
		Release|Any CPU = Release|Any CPU
	EndGlobalSection
	GlobalSection(ProjectConfigurationPlatforms) = postSolution
		{A9457148-9951-4A44-AC58-13ADC1D88431}.Debug|Any CPU.ActiveCfg = Debug|Any CPU
		{A9457148-9951-4A44-AC58-13ADC1D88431}.Debug|Any CPU.Build.0 = Debug|Any CPU
		{A9457148-9951-4A44-AC58-13ADC1D88431}.Release|Any CPU.ActiveCfg = Release|Any CPU
		{A9457148-9951-4A44-AC58-13ADC1D88431}.Release|Any CPU.Build.0 = Release|Any CPU
	EndGlobalSection
	GlobalSection(SolutionProperties) = preSolution
		HideSolutionNode = FALSE
	EndGlobalSection
	GlobalSection(ExtensibilityGlobals) = postSolution
		SolutionGuid = {54DDFEEA-46B2-4B5A-A6EE-E9D84ED4EF68}
	EndGlobalSection
EndGlobal
