
Microsoft Visual Studio Solution File, Format Version 12.00
# Visual Studio Version 17
VisualStudioVersion = 17.9.34723.18
MinimumVisualStudioVersion = 10.0.40219.1
Project("{FAE04EC0-301F-11D3-BF4B-00C04F79EFBC}") = "Konzol_Balkezesek", "Konzol_Balkezesek\Konzol_Balkezesek.csproj", "{3CF060A0-02BE-4D32-B19B-62BF4610AB52}"
EndProject
Global
	GlobalSection(SolutionConfigurationPlatforms) = preSolution
		Debug|Any CPU = Debug|Any CPU
		Release|Any CPU = Release|Any CPU
	EndGlobalSection
	GlobalSection(ProjectConfigurationPlatforms) = postSolution
		{3CF060A0-02BE-4D32-B19B-62BF4610AB52}.Debug|Any CPU.ActiveCfg = Debug|Any CPU
		{3CF060A0-02BE-4D32-B19B-62BF4610AB52}.Debug|Any CPU.Build.0 = Debug|Any CPU
		{3CF060A0-02BE-4D32-B19B-62BF4610AB52}.Release|Any CPU.ActiveCfg = Release|Any CPU
		{3CF060A0-02BE-4D32-B19B-62BF4610AB52}.Release|Any CPU.Build.0 = Release|Any CPU
	EndGlobalSection
	GlobalSection(SolutionProperties) = preSolution
		HideSolutionNode = FALSE
	EndGlobalSection
	GlobalSection(ExtensibilityGlobals) = postSolution
		SolutionGuid = {DDBB0F5B-2C67-43D3-82E0-D64FFF9DC713}
	EndGlobalSection
EndGlobal
